
Microsoft Visual Studio Solution File, Format Version 12.00
# Visual Studio Version 17
VisualStudioVersion = 17.10.34707.107
MinimumVisualStudioVersion = 10.0.40219.1
Project("{FAE04EC0-301F-11D3-BF4B-00C04F79EFBC}") = "SME_API_News", "SME_API_News\SME_API_News.csproj", "{B73DEE92-E9C8-4ABA-87BF-80FE059C4F34}"
EndProject
Global
	GlobalSection(SolutionConfigurationPlatforms) = preSolution
		Debug|Any CPU = Debug|Any CPU
		Release|Any CPU = Release|Any CPU
	EndGlobalSection
	GlobalSection(ProjectConfigurationPlatforms) = postSolution
		{B73DEE92-E9C8-4ABA-87BF-80FE059C4F34}.Debug|Any CPU.ActiveCfg = Debug|Any CPU
		{B73DEE92-E9C8-4ABA-87BF-80FE059C4F34}.Debug|Any CPU.Build.0 = Debug|Any CPU
		{B73DEE92-E9C8-4ABA-87BF-80FE059C4F34}.Release|Any CPU.ActiveCfg = Release|Any CPU
		{B73DEE92-E9C8-4ABA-87BF-80FE059C4F34}.Release|Any CPU.Build.0 = Release|Any CPU
	EndGlobalSection
	GlobalSection(SolutionProperties) = preSolution
		HideSolutionNode = FALSE
	EndGlobalSection
	GlobalSection(ExtensibilityGlobals) = postSolution
		SolutionGuid = {A730C5B7-7C8E-4C80-8D62-BCDF5C0B01BE}
	EndGlobalSection
EndGlobal
